
Microsoft Visual Studio Solution File, Format Version 12.00
# Visual Studio Version 17
VisualStudioVersion = 17.11.35327.3
MinimumVisualStudioVersion = 10.0.40219.1
Project("{9A19103F-16F7-4668-BE54-9A1E7A4F7556}") = "WebApplicationMillenium", "WebApplicationMillenium.csproj", "{6CDC4193-14AA-40F9-9F7A-238A0FC67384}"
EndProject
Project("{FAE04EC0-301F-11D3-BF4B-00C04F79EFBC}") = "WebApplicationMilleniumTests", "..\WebApplicationMilleniumTests\WebApplicationMilleniumTests.csproj", "{FBEABE2E-7738-4495-B6BD-02D5B835E175}"
EndProject
Global
	GlobalSection(SolutionConfigurationPlatforms) = preSolution
		Debug|Any CPU = Debug|Any CPU
		Release|Any CPU = Release|Any CPU
	EndGlobalSection
	GlobalSection(ProjectConfigurationPlatforms) = postSolution
		{6CDC4193-14AA-40F9-9F7A-238A0FC67384}.Debug|Any CPU.ActiveCfg = Debug|Any CPU
		{6CDC4193-14AA-40F9-9F7A-238A0FC67384}.Debug|Any CPU.Build.0 = Debug|Any CPU
		{6CDC4193-14AA-40F9-9F7A-238A0FC67384}.Release|Any CPU.ActiveCfg = Release|Any CPU
		{6CDC4193-14AA-40F9-9F7A-238A0FC67384}.Release|Any CPU.Build.0 = Release|Any CPU
		{FBEABE2E-7738-4495-B6BD-02D5B835E175}.Debug|Any CPU.ActiveCfg = Debug|Any CPU
		{FBEABE2E-7738-4495-B6BD-02D5B835E175}.Debug|Any CPU.Build.0 = Debug|Any CPU
		{FBEABE2E-7738-4495-B6BD-02D5B835E175}.Release|Any CPU.ActiveCfg = Release|Any CPU
		{FBEABE2E-7738-4495-B6BD-02D5B835E175}.Release|Any CPU.Build.0 = Release|Any CPU
	EndGlobalSection
	GlobalSection(SolutionProperties) = preSolution
		HideSolutionNode = FALSE
	EndGlobalSection
	GlobalSection(ExtensibilityGlobals) = postSolution
		SolutionGuid = {700E3030-C5CE-4BF4-837D-8EB6DCC94487}
	EndGlobalSection
EndGlobal
